// !$*UTF8*$!
{
	archiveVersion = 1;
	classes = {
	};
	objectVersion = 56;
	objects = {

/* Begin PBXBuildFile section */
		76758FE72AC2752300E55367 /* AppDelegate.swift in Sources */ = {isa = PBXBuildFile; fileRef = 76758FE62AC2752300E55367 /* AppDelegate.swift */; };
		76758FE92AC2752300E55367 /* SceneDelegate.swift in Sources */ = {isa = PBXBuildFile; fileRef = 76758FE82AC2752300E55367 /* SceneDelegate.swift */; };
		76758FEB2AC2752300E55367 /* ViewController.swift in Sources */ = {isa = PBXBuildFile; fileRef = 76758FEA2AC2752300E55367 /* ViewController.swift */; };
		76758FEE2AC2752300E55367 /* Main.storyboard in Resources */ = {isa = PBXBuildFile; fileRef = 76758FEC2AC2752300E55367 /* Main.storyboard */; };
		76758FF02AC2752300E55367 /* Assets.xcassets in Resources */ = {isa = PBXBuildFile; fileRef = 76758FEF2AC2752300E55367 /* Assets.xcassets */; };
		76758FF32AC2752300E55367 /* LaunchScreen.storyboard in Resources */ = {isa = PBXBuildFile; fileRef = 76758FF12AC2752300E55367 /* LaunchScreen.storyboard */; };
		76758FFE2AC2752300E55367 /* Nangunoori_CalculatorAppTests.swift in Sources */ = {isa = PBXBuildFile; fileRef = 76758FFD2AC2752300E55367 /* Nangunoori_CalculatorAppTests.swift */; };
		767590082AC2752300E55367 /* Nangunoori_CalculatorAppUITests.swift in Sources */ = {isa = PBXBuildFile; fileRef = 767590072AC2752300E55367 /* Nangunoori_CalculatorAppUITests.swift */; };
		7675900A2AC2752300E55367 /* Nangunoori_CalculatorAppUITestsLaunchTests.swift in Sources */ = {isa = PBXBuildFile; fileRef = 767590092AC2752300E55367 /* Nangunoori_CalculatorAppUITestsLaunchTests.swift */; };
/* End PBXBuildFile section */

/* Begin PBXContainerItemProxy section */
		76758FFA2AC2752300E55367 /* PBXContainerItemProxy */ = {
			isa = PBXContainerItemProxy;
			containerPortal = 76758FDB2AC2752300E55367 /* Project object */;
			proxyType = 1;
			remoteGlobalIDString = 76758FE22AC2752300E55367;
			remoteInfo = Nangunoori_CalculatorApp;
		};
		767590042AC2752300E55367 /* PBXContainerItemProxy */ = {
			isa = PBXContainerItemProxy;
			containerPortal = 76758FDB2AC2752300E55367 /* Project object */;
			proxyType = 1;
			remoteGlobalIDString = 76758FE22AC2752300E55367;
			remoteInfo = Nangunoori_CalculatorApp;
		};
/* End PBXContainerItemProxy section */

/* Begin PBXFileReference section */
		76758FE32AC2752300E55367 /* Nangunoori_CalculatorApp.app */ = {isa = PBXFileReference; explicitFileType = wrapper.application; includeInIndex = 0; path = Nangunoori_CalculatorApp.app; sourceTree = BUILT_PRODUCTS_DIR; };
		76758FE62AC2752300E55367 /* AppDelegate.swift */ = {isa = PBXFileReference; lastKnownFileType = sourcecode.swift; path = AppDelegate.swift; sourceTree = "<group>"; };
		76758FE82AC2752300E55367 /* SceneDelegate.swift */ = {isa = PBXFileReference; lastKnownFileType = sourcecode.swift; path = SceneDelegate.swift; sourceTree = "<group>"; };
		76758FEA2AC2752300E55367 /* ViewController.swift */ = {isa = PBXFileReference; lastKnownFileType = sourcecode.swift; path = ViewController.swift; sourceTree = "<group>"; };
		76758FED2AC2752300E55367 /* Base */ = {isa = PBXFileReference; lastKnownFileType = file.storyboard; name = Base; path = Base.lproj/Main.storyboard; sourceTree = "<group>"; };
		76758FEF2AC2752300E55367 /* Assets.xcassets */ = {isa = PBXFileReference; lastKnownFileType = folder.assetcatalog; path = Assets.xcassets; sourceTree = "<group>"; };
		76758FF22AC2752300E55367 /* Base */ = {isa = PBXFileReference; lastKnownFileType = file.storyboard; name = Base; path = Base.lproj/LaunchScreen.storyboard; sourceTree = "<group>"; };
		76758FF42AC2752300E55367 /* Info.plist */ = {isa = PBXFileReference; lastKnownFileType = text.plist.xml; path = Info.plist; sourceTree = "<group>"; };
		76758FF92AC2752300E55367 /* Nangunoori_CalculatorAppTests.xctest */ = {isa = PBXFileReference; explicitFileType = wrapper.cfbundle; includeInIndex = 0; path = Nangunoori_CalculatorAppTests.xctest; sourceTree = BUILT_PRODUCTS_DIR; };
		76758FFD2AC2752300E55367 /* Nangunoori_CalculatorAppTests.swift */ = {isa = PBXFileReference; lastKnownFileType = sourcecode.swift; path = Nangunoori_CalculatorAppTests.swift; sourceTree = "<group>"; };
		767590032AC2752300E55367 /* Nangunoori_CalculatorAppUITests.xctest */ = {isa = PBXFileReference; explicitFileType = wrapper.cfbundle; includeInIndex = 0; path = Nangunoori_CalculatorAppUITests.xctest; sourceTree = BUILT_PRODUCTS_DIR; };
		767590072AC2752300E55367 /* Nangunoori_CalculatorAppUITests.swift */ = {isa = PBXFileReference; lastKnownFileType = sourcecode.swift; path = Nangunoori_CalculatorAppUITests.swift; sourceTree = "<group>"; };
		767590092AC2752300E55367 /* Nangunoori_CalculatorAppUITestsLaunchTests.swift */ = {isa = PBXFileReference; lastKnownFileType = sourcecode.swift; path = Nangunoori_CalculatorAppUITestsLaunchTests.swift; sourceTree = "<group>"; };
/* End PBXFileReference section */

/* Begin PBXFrameworksBuildPhase section */
		76758FE02AC2752300E55367 /* Frameworks */ = {
			isa = PBXFrameworksBuildPhase;
			buildActionMask = 2147483647;
			files = (
			);
			runOnlyForDeploymentPostprocessing = 0;
		};
		76758FF62AC2752300E55367 /* Frameworks */ = {
			isa = PBXFrameworksBuildPhase;
			buildActionMask = 2147483647;
			files = (
			);
			runOnlyForDeploymentPostprocessing = 0;
		};
		767590002AC2752300E55367 /* Frameworks */ = {
			isa = PBXFrameworksBuildPhase;
			buildActionMask = 2147483647;
			files = (
			);
			runOnlyForDeploymentPostprocessing = 0;
		};
/* End PBXFrameworksBuildPhase section */

/* Begin PBXGroup section */
		76758FDA2AC2752300E55367 = {
			isa = PBXGroup;
			children = (
				76758FE52AC2752300E55367 /* Nangunoori_CalculatorApp */,
				76758FFC2AC2752300E55367 /* Nangunoori_CalculatorAppTests */,
				767590062AC2752300E55367 /* Nangunoori_CalculatorAppUITests */,
				76758FE42AC2752300E55367 /* Products */,
			);
			sourceTree = "<group>";
		};
		76758FE42AC2752300E55367 /* Products */ = {
			isa = PBXGroup;
			children = (
				76758FE32AC2752300E55367 /* Nangunoori_CalculatorApp.app */,
				76758FF92AC2752300E55367 /* Nangunoori_CalculatorAppTests.xctest */,
				767590032AC2752300E55367 /* Nangunoori_CalculatorAppUITests.xctest */,
			);
			name = Products;
			sourceTree = "<group>";
		};
		76758FE52AC2752300E55367 /* Nangunoori_CalculatorApp */ = {
			isa = PBXGroup;
			children = (
				76758FE62AC2752300E55367 /* AppDelegate.swift */,
				76758FE82AC2752300E55367 /* SceneDelegate.swift */,
				76758FEA2AC2752300E55367 /* ViewController.swift */,
				76758FEC2AC2752300E55367 /* Main.storyboard */,
				76758FEF2AC2752300E55367 /* Assets.xcassets */,
				76758FF12AC2752300E55367 /* LaunchScreen.storyboard */,
				76758FF42AC2752300E55367 /* Info.plist */,
			);
			path = Nangunoori_CalculatorApp;
			sourceTree = "<group>";
		};
		76758FFC2AC2752300E55367 /* Nangunoori_CalculatorAppTests */ = {
			isa = PBXGroup;
			children = (
				76758FFD2AC2752300E55367 /* Nangunoori_CalculatorAppTests.swift */,
			);
			path = Nangunoori_CalculatorAppTests;
			sourceTree = "<group>";
		};
		767590062AC2752300E55367 /* Nangunoori_CalculatorAppUITests */ = {
			isa = PBXGroup;
			children = (
				767590072AC2752300E55367 /* Nangunoori_CalculatorAppUITests.swift */,
				767590092AC2752300E55367 /* Nangunoori_CalculatorAppUITestsLaunchTests.swift */,
			);
			path = Nangunoori_CalculatorAppUITests;
			sourceTree = "<group>";
		};
/* End PBXGroup section */

/* Begin PBXNativeTarget section */
		76758FE22AC2752300E55367 /* Nangunoori_CalculatorApp */ = {
			isa = PBXNativeTarget;
			buildConfigurationList = 7675900D2AC2752300E55367 /* Build configuration list for PBXNativeTarget "Nangunoori_CalculatorApp" */;
			buildPhases = (
				76758FDF2AC2752300E55367 /* Sources */,
				76758FE02AC2752300E55367 /* Frameworks */,
				76758FE12AC2752300E55367 /* Resources */,
			);
			buildRules = (
			);
			dependencies = (
			);
			name = Nangunoori_CalculatorApp;
			productName = Nangunoori_CalculatorApp;
			productReference = 76758FE32AC2752300E55367 /* Nangunoori_CalculatorApp.app */;
			productType = "com.apple.product-type.application";
		};
		76758FF82AC2752300E55367 /* Nangunoori_CalculatorAppTests */ = {
			isa = PBXNativeTarget;
			buildConfigurationList = 767590102AC2752300E55367 /* Build configuration list for PBXNativeTarget "Nangunoori_CalculatorAppTests" */;
			buildPhases = (
				76758FF52AC2752300E55367 /* Sources */,
				76758FF62AC2752300E55367 /* Frameworks */,
				76758FF72AC2752300E55367 /* Resources */,
			);
			buildRules = (
			);
			dependencies = (
				76758FFB2AC2752300E55367 /* PBXTargetDependency */,
			);
			name = Nangunoori_CalculatorAppTests;
			productName = Nangunoori_CalculatorAppTests;
			productReference = 76758FF92AC2752300E55367 /* Nangunoori_CalculatorAppTests.xctest */;
			productType = "com.apple.product-type.bundle.unit-test";
		};
		767590022AC2752300E55367 /* Nangunoori_CalculatorAppUITests */ = {
			isa = PBXNativeTarget;
			buildConfigurationList = 767590132AC2752300E55367 /* Build configuration list for PBXNativeTarget "Nangunoori_CalculatorAppUITests" */;
			buildPhases = (
				76758FFF2AC2752300E55367 /* Sources */,
				767590002AC2752300E55367 /* Frameworks */,
				767590012AC2752300E55367 /* Resources */,
			);
			buildRules = (
			);
			dependencies = (
				767590052AC2752300E55367 /* PBXTargetDependency */,
			);
			name = Nangunoori_CalculatorAppUITests;
			productName = Nangunoori_CalculatorAppUITests;
			productReference = 767590032AC2752300E55367 /* Nangunoori_CalculatorAppUITests.xctest */;
			productType = "com.apple.product-type.bundle.ui-testing";
		};
/* End PBXNativeTarget section */

/* Begin PBXProject section */
		76758FDB2AC2752300E55367 /* Project object */ = {
			isa = PBXProject;
			attributes = {
				BuildIndependentTargetsInParallel = 1;
				LastSwiftUpdateCheck = 1430;
				LastUpgradeCheck = 1430;
				TargetAttributes = {
					76758FE22AC2752300E55367 = {
						CreatedOnToolsVersion = 14.3.1;
					};
					76758FF82AC2752300E55367 = {
						CreatedOnToolsVersion = 14.3.1;
						TestTargetID = 76758FE22AC2752300E55367;
					};
					767590022AC2752300E55367 = {
						CreatedOnToolsVersion = 14.3.1;
						TestTargetID = 76758FE22AC2752300E55367;
					};
				};
			};
			buildConfigurationList = 76758FDE2AC2752300E55367 /* Build configuration list for PBXProject "Nangunoori_CalculatorApp" */;
			compatibilityVersion = "Xcode 14.0";
			developmentRegion = en;
			hasScannedForEncodings = 0;
			knownRegions = (
				en,
				Base,
			);
			mainGroup = 76758FDA2AC2752300E55367;
			productRefGroup = 76758FE42AC2752300E55367 /* Products */;
			projectDirPath = "";
			projectRoot = "";
			targets = (
				76758FE22AC2752300E55367 /* Nangunoori_CalculatorApp */,
				76758FF82AC2752300E55367 /* Nangunoori_CalculatorAppTests */,
				767590022AC2752300E55367 /* Nangunoori_CalculatorAppUITests */,
			);
		};
/* End PBXProject section */

/* Begin PBXResourcesBuildPhase section */
		76758FE12AC2752300E55367 /* Resources */ = {
			isa = PBXResourcesBuildPhase;
			buildActionMask = 2147483647;
			files = (
				76758FF32AC2752300E55367 /* LaunchScreen.storyboard in Resources */,
				76758FF02AC2752300E55367 /* Assets.xcassets in Resources */,
				76758FEE2AC2752300E55367 /* Main.storyboard in Resources */,
			);
			runOnlyForDeploymentPostprocessing = 0;
		};
		76758FF72AC2752300E55367 /* Resources */ = {
			isa = PBXResourcesBuildPhase;
			buildActionMask = 2147483647;
			files = (
			);
			runOnlyForDeploymentPostprocessing = 0;
		};
		767590012AC2752300E55367 /* Resources */ = {
			isa = PBXResourcesBuildPhase;
			buildActionMask = 2147483647;
			files = (
			);
			runOnlyForDeploymentPostprocessing = 0;
		};
/* End PBXResourcesBuildPhase section */

/* Begin PBXSourcesBuildPhase section */
		76758FDF2AC2752300E55367 /* Sources */ = {
			isa = PBXSourcesBuildPhase;
			buildActionMask = 2147483647;
			files = (
				76758FEB2AC2752300E55367 /* ViewController.swift in Sources */,
				76758FE72AC2752300E55367 /* AppDelegate.swift in Sources */,
				76758FE92AC2752300E55367 /* SceneDelegate.swift in Sources */,
			);
			runOnlyForDeploymentPostprocessing = 0;
		};
		76758FF52AC2752300E55367 /* Sources */ = {
			isa = PBXSourcesBuildPhase;
			buildActionMask = 2147483647;
			files = (
				76758FFE2AC2752300E55367 /* Nangunoori_CalculatorAppTests.swift in Sources */,
			);
			runOnlyForDeploymentPostprocessing = 0;
		};
		76758FFF2AC2752300E55367 /* Sources */ = {
			isa = PBXSourcesBuildPhase;
			buildActionMask = 2147483647;
			files = (
				7675900A2AC2752300E55367 /* Nangunoori_CalculatorAppUITestsLaunchTests.swift in Sources */,
				767590082AC2752300E55367 /* Nangunoori_CalculatorAppUITests.swift in Sources */,
			);
			runOnlyForDeploymentPostprocessing = 0;
		};
/* End PBXSourcesBuildPhase section */

/* Begin PBXTargetDependency section */
		76758FFB2AC2752300E55367 /* PBXTargetDependency */ = {
			isa = PBXTargetDependency;
			target = 76758FE22AC2752300E55367 /* Nangunoori_CalculatorApp */;
			targetProxy = 76758FFA2AC2752300E55367 /* PBXContainerItemProxy */;
		};
		767590052AC2752300E55367 /* PBXTargetDependency */ = {
			isa = PBXTargetDependency;
			target = 76758FE22AC2752300E55367 /* Nangunoori_CalculatorApp */;
			targetProxy = 767590042AC2752300E55367 /* PBXContainerItemProxy */;
		};
/* End PBXTargetDependency section */

/* Begin PBXVariantGroup section */
		76758FEC2AC2752300E55367 /* Main.storyboard */ = {
			isa = PBXVariantGroup;
			children = (
				76758FED2AC2752300E55367 /* Base */,
			);
			name = Main.storyboard;
			sourceTree = "<group>";
		};
		76758FF12AC2752300E55367 /* LaunchScreen.storyboard */ = {
			isa = PBXVariantGroup;
			children = (
				76758FF22AC2752300E55367 /* Base */,
			);
			name = LaunchScreen.storyboard;
			sourceTree = "<group>";
		};
/* End PBXVariantGroup section */

/* Begin XCBuildConfiguration section */
		7675900B2AC2752300E55367 /* Debug */ = {
			isa = XCBuildConfiguration;
			buildSettings = {
				ALWAYS_SEARCH_USER_PATHS = NO;
				CLANG_ANALYZER_NONNULL = YES;
				CLANG_ANALYZER_NUMBER_OBJECT_CONVERSION = YES_AGGRESSIVE;
				CLANG_CXX_LANGUAGE_STANDARD = "gnu++20";
				CLANG_ENABLE_MODULES = YES;
				CLANG_ENABLE_OBJC_ARC = YES;
				CLANG_ENABLE_OBJC_WEAK = YES;
				CLANG_WARN_BLOCK_CAPTURE_AUTORELEASING = YES;
				CLANG_WARN_BOOL_CONVERSION = YES;
				CLANG_WARN_COMMA = YES;
				CLANG_WARN_CONSTANT_CONVERSION = YES;
				CLANG_WARN_DEPRECATED_OBJC_IMPLEMENTATIONS = YES;
				CLANG_WARN_DIRECT_OBJC_ISA_USAGE = YES_ERROR;
				CLANG_WARN_DOCUMENTATION_COMMENTS = YES;
				CLANG_WARN_EMPTY_BODY = YES;
				CLANG_WARN_ENUM_CONVERSION = YES;
				CLANG_WARN_INFINITE_RECURSION = YES;
				CLANG_WARN_INT_CONVERSION = YES;
				CLANG_WARN_NON_LITERAL_NULL_CONVERSION = YES;
				CLANG_WARN_OBJC_IMPLICIT_RETAIN_SELF = YES;
				CLANG_WARN_OBJC_LITERAL_CONVERSION = YES;
				CLANG_WARN_OBJC_ROOT_CLASS = YES_ERROR;
				CLANG_WARN_QUOTED_INCLUDE_IN_FRAMEWORK_HEADER = YES;
				CLANG_WARN_RANGE_LOOP_ANALYSIS = YES;
				CLANG_WARN_STRICT_PROTOTYPES = YES;
				CLANG_WARN_SUSPICIOUS_MOVE = YES;
				CLANG_WARN_UNGUARDED_AVAILABILITY = YES_AGGRESSIVE;
				CLANG_WARN_UNREACHABLE_CODE = YES;
				CLANG_WARN__DUPLICATE_METHOD_MATCH = YES;
				COPY_PHASE_STRIP = NO;
				DEBUG_INFORMATION_FORMAT = dwarf;
				ENABLE_STRICT_OBJC_MSGSEND = YES;
				ENABLE_TESTABILITY = YES;
				GCC_C_LANGUAGE_STANDARD = gnu11;
				GCC_DYNAMIC_NO_PIC = NO;
				GCC_NO_COMMON_BLOCKS = YES;
				GCC_OPTIMIZATION_LEVEL = 0;
				GCC_PREPROCESSOR_DEFINITIONS = (
					"DEBUG=1",
					"$(inherited)",
				);
				GCC_WARN_64_TO_32_BIT_CONVERSION = YES;
				GCC_WARN_ABOUT_RETURN_TYPE = YES_ERROR;
				GCC_WARN_UNDECLARED_SELECTOR = YES;
				GCC_WARN_UNINITIALIZED_AUTOS = YES_AGGRESSIVE;
				GCC_WARN_UNUSED_FUNCTION = YES;
				GCC_WARN_UNUSED_VARIABLE = YES;
				IPHONEOS_DEPLOYMENT_TARGET = 16.4;
				MTL_ENABLE_DEBUG_INFO = INCLUDE_SOURCE;
				MTL_FAST_MATH = YES;
				ONLY_ACTIVE_ARCH = YES;
				SDKROOT = iphoneos;
				SWIFT_ACTIVE_COMPILATION_CONDITIONS = DEBUG;
				SWIFT_OPTIMIZATION_LEVEL = "-Onone";
			};
			name = Debug;
		};
		7675900C2AC2752300E55367 /* Release */ = {
			isa = XCBuildConfiguration;
			buildSettings = {
				ALWAYS_SEARCH_USER_PATHS = NO;
				CLANG_ANALYZER_NONNULL = YES;
				CLANG_ANALYZER_NUMBER_OBJECT_CONVERSION = YES_AGGRESSIVE;
				CLANG_CXX_LANGUAGE_STANDARD = "gnu++20";
				CLANG_ENABLE_MODULES = YES;
				CLANG_ENABLE_OBJC_ARC = YES;
				CLANG_ENABLE_OBJC_WEAK = YES;
				CLANG_WARN_BLOCK_CAPTURE_AUTORELEASING = YES;
				CLANG_WARN_BOOL_CONVERSION = YES;
				CLANG_WARN_COMMA = YES;
				CLANG_WARN_CONSTANT_CONVERSION = YES;
				CLANG_WARN_DEPRECATED_OBJC_IMPLEMENTATIONS = YES;
				CLANG_WARN_DIRECT_OBJC_ISA_USAGE = YES_ERROR;
				CLANG_WARN_DOCUMENTATION_COMMENTS = YES;
				CLANG_WARN_EMPTY_BODY = YES;
				CLANG_WARN_ENUM_CONVERSION = YES;
				CLANG_WARN_INFINITE_RECURSION = YES;
				CLANG_WARN_INT_CONVERSION = YES;
				CLANG_WARN_NON_LITERAL_NULL_CONVERSION = YES;
				CLANG_WARN_OBJC_IMPLICIT_RETAIN_SELF = YES;
				CLANG_WARN_OBJC_LITERAL_CONVERSION = YES;
				CLANG_WARN_OBJC_ROOT_CLASS = YES_ERROR;
				CLANG_WARN_QUOTED_INCLUDE_IN_FRAMEWORK_HEADER = YES;
				CLANG_WARN_RANGE_LOOP_ANALYSIS = YES;
				CLANG_WARN_STRICT_PROTOTYPES = YES;
				CLANG_WARN_SUSPICIOUS_MOVE = YES;
				CLANG_WARN_UNGUARDED_AVAILABILITY = YES_AGGRESSIVE;
				CLANG_WARN_UNREACHABLE_CODE = YES;
				CLANG_WARN__DUPLICATE_METHOD_MATCH = YES;
				COPY_PHASE_STRIP = NO;
				DEBUG_INFORMATION_FORMAT = "dwarf-with-dsym";
				ENABLE_NS_ASSERTIONS = NO;
				ENABLE_STRICT_OBJC_MSGSEND = YES;
				GCC_C_LANGUAGE_STANDARD = gnu11;
				GCC_NO_COMMON_BLOCKS = YES;
				GCC_WARN_64_TO_32_BIT_CONVERSION = YES;
				GCC_WARN_ABOUT_RETURN_TYPE = YES_ERROR;
				GCC_WARN_UNDECLARED_SELECTOR = YES;
				GCC_WARN_UNINITIALIZED_AUTOS = YES_AGGRESSIVE;
				GCC_WARN_UNUSED_FUNCTION = YES;
				GCC_WARN_UNUSED_VARIABLE = YES;
				IPHONEOS_DEPLOYMENT_TARGET = 16.4;
				MTL_ENABLE_DEBUG_INFO = NO;
				MTL_FAST_MATH = YES;
				SDKROOT = iphoneos;
				SWIFT_COMPILATION_MODE = wholemodule;
				SWIFT_OPTIMIZATION_LEVEL = "-O";
				VALIDATE_PRODUCT = YES;
			};
			name = Release;
		};
		7675900E2AC2752300E55367 /* Debug */ = {
			isa = XCBuildConfiguration;
			buildSettings = {
				ASSETCATALOG_COMPILER_APPICON_NAME = AppIcon;
				ASSETCATALOG_COMPILER_GLOBAL_ACCENT_COLOR_NAME = AccentColor;
				CODE_SIGN_STYLE = Automatic;
				CURRENT_PROJECT_VERSION = 1;
				GENERATE_INFOPLIST_FILE = YES;
				INFOPLIST_FILE = Nangunoori_CalculatorApp/Info.plist;
				INFOPLIST_KEY_UIApplicationSupportsIndirectInputEvents = YES;
				INFOPLIST_KEY_UILaunchStoryboardName = LaunchScreen;
				INFOPLIST_KEY_UIMainStoryboardFile = Main;
				INFOPLIST_KEY_UISupportedInterfaceOrientations_iPad = "UIInterfaceOrientationPortrait UIInterfaceOrientationPortraitUpsideDown UIInterfaceOrientationLandscapeLeft UIInterfaceOrientationLandscapeRight";
				INFOPLIST_KEY_UISupportedInterfaceOrientations_iPhone = "UIInterfaceOrientationPortrait UIInterfaceOrientationLandscapeLeft UIInterfaceOrientationLandscapeRight";
				IPHONEOS_DEPLOYMENT_TARGET = 15.5;
				LD_RUNPATH_SEARCH_PATHS = (
					"$(inherited)",
					"@executable_path/Frameworks",
				);
				MARKETING_VERSION = 1.0;
				PRODUCT_BUNDLE_IDENTIFIER = "nwmsu.Nangunoori-CalculatorApp";
				PRODUCT_NAME = "$(TARGET_NAME)";
				SWIFT_EMIT_LOC_STRINGS = YES;
				SWIFT_VERSION = 5.0;
				TARGETED_DEVICE_FAMILY = "1,2";
			};
			name = Debug;
		};
		7675900F2AC2752300E55367 /* Release */ = {
			isa = XCBuildConfiguration;
			buildSettings = {
				ASSETCATALOG_COMPILER_APPICON_NAME = AppIcon;
				ASSETCATALOG_COMPILER_GLOBAL_ACCENT_COLOR_NAME = AccentColor;
				CODE_SIGN_STYLE = Automatic;
				CURRENT_PROJECT_VERSION = 1;
				GENERATE_INFOPLIST_FILE = YES;
				INFOPLIST_FILE = Nangunoori_CalculatorApp/Info.plist;
				INFOPLIST_KEY_UIApplicationSupportsIndirectInputEvents = YES;
				INFOPLIST_KEY_UILaunchStoryboardName = LaunchScreen;
				INFOPLIST_KEY_UIMainStoryboardFile = Main;
				INFOPLIST_KEY_UISupportedInterfaceOrientations_iPad = "UIInterfaceOrientationPortrait UIInterfaceOrientationPortraitUpsideDown UIInterfaceOrientationLandscapeLeft UIInterfaceOrientationLandscapeRight";
				INFOPLIST_KEY_UISupportedInterfaceOrientations_iPhone = "UIInterfaceOrientationPortrait UIInterfaceOrientationLandscapeLeft UIInterfaceOrientationLandscapeRight";
				IPHONEOS_DEPLOYMENT_TARGET = 15.5;
				LD_RUNPATH_SEARCH_PATHS = (
					"$(inherited)",
					"@executable_path/Frameworks",
				);
				MARKETING_VERSION = 1.0;
				PRODUCT_BUNDLE_IDENTIFIER = "nwmsu.Nangunoori-CalculatorApp";
				PRODUCT_NAME = "$(TARGET_NAME)";
				SWIFT_EMIT_LOC_STRINGS = YES;
				SWIFT_VERSION = 5.0;
				TARGETED_DEVICE_FAMILY = "1,2";
			};
			name = Release;
		};
		767590112AC2752300E55367 /* Debug */ = {
			isa = XCBuildConfiguration;
			buildSettings = {
				ALWAYS_EMBED_SWIFT_STANDARD_LIBRARIES = YES;
				BUNDLE_LOADER = "$(TEST_HOST)";
				CODE_SIGN_STYLE = Automatic;
				CURRENT_PROJECT_VERSION = 1;
				GENERATE_INFOPLIST_FILE = YES;
				IPHONEOS_DEPLOYMENT_TARGET = 16.4;
				MARKETING_VERSION = 1.0;
				PRODUCT_BUNDLE_IDENTIFIER = "nwmsu.Nangunoori-CalculatorAppTests";
				PRODUCT_NAME = "$(TARGET_NAME)";
				SWIFT_EMIT_LOC_STRINGS = NO;
				SWIFT_VERSION = 5.0;
				TARGETED_DEVICE_FAMILY = "1,2";
				TEST_HOST = "$(BUILT_PRODUCTS_DIR)/Nangunoori_CalculatorApp.app/$(BUNDLE_EXECUTABLE_FOLDER_PATH)/Nangunoori_CalculatorApp";
			};
			name = Debug;
		};
		767590122AC2752300E55367 /* Release */ = {
			isa = XCBuildConfiguration;
			buildSettings = {
				ALWAYS_EMBED_SWIFT_STANDARD_LIBRARIES = YES;
				BUNDLE_LOADER = "$(TEST_HOST)";
				CODE_SIGN_STYLE = Automatic;
				CURRENT_PROJECT_VERSION = 1;
				GENERATE_INFOPLIST_FILE = YES;
				IPHONEOS_DEPLOYMENT_TARGET = 16.4;
				MARKETING_VERSION = 1.0;
				PRODUCT_BUNDLE_IDENTIFIER = "nwmsu.Nangunoori-CalculatorAppTests";
				PRODUCT_NAME = "$(TARGET_NAME)";
				SWIFT_EMIT_LOC_STRINGS = NO;
				SWIFT_VERSION = 5.0;
				TARGETED_DEVICE_FAMILY = "1,2";
				TEST_HOST = "$(BUILT_PRODUCTS_DIR)/Nangunoori_CalculatorApp.app/$(BUNDLE_EXECUTABLE_FOLDER_PATH)/Nangunoori_CalculatorApp";
			};
			name = Release;
		};
		767590142AC2752300E55367 /* Debug */ = {
			isa = XCBuildConfiguration;
			buildSettings = {
				ALWAYS_EMBED_SWIFT_STANDARD_LIBRARIES = YES;
				CODE_SIGN_STYLE = Automatic;
				CURRENT_PROJECT_VERSION = 1;
				GENERATE_INFOPLIST_FILE = YES;
				MARKETING_VERSION = 1.0;
				PRODUCT_BUNDLE_IDENTIFIER = "nwmsu.Nangunoori-CalculatorAppUITests";
				PRODUCT_NAME = "$(TARGET_NAME)";
				SWIFT_EMIT_LOC_STRINGS = NO;
				SWIFT_VERSION = 5.0;
				TARGETED_DEVICE_FAMILY = "1,2";
				TEST_TARGET_NAME = Nangunoori_CalculatorApp;
			};
			name = Debug;
		};
		767590152AC2752300E55367 /* Release */ = {
			isa = XCBuildConfiguration;
			buildSettings = {
				ALWAYS_EMBED_SWIFT_STANDARD_LIBRARIES = YES;
				CODE_SIGN_STYLE = Automatic;
				CURRENT_PROJECT_VERSION = 1;
				GENERATE_INFOPLIST_FILE = YES;
				MARKETING_VERSION = 1.0;
				PRODUCT_BUNDLE_IDENTIFIER = "nwmsu.Nangunoori-CalculatorAppUITests";
				PRODUCT_NAME = "$(TARGET_NAME)";
				SWIFT_EMIT_LOC_STRINGS = NO;
				SWIFT_VERSION = 5.0;
				TARGETED_DEVICE_FAMILY = "1,2";
				TEST_TARGET_NAME = Nangunoori_CalculatorApp;
			};
			name = Release;
		};
/* End XCBuildConfiguration section */

/* Begin XCConfigurationList section */
		76758FDE2AC2752300E55367 /* Build configuration list for PBXProject "Nangunoori_CalculatorApp" */ = {
			isa = XCConfigurationList;
			buildConfigurations = (
				7675900B2AC2752300E55367 /* Debug */,
				7675900C2AC2752300E55367 /* Release */,
			);
			defaultConfigurationIsVisible = 0;
			defaultConfigurationName = Release;
		};
		7675900D2AC2752300E55367 /* Build configuration list for PBXNativeTarget "Nangunoori_CalculatorApp" */ = {
			isa = XCConfigurationList;
			buildConfigurations = (
				7675900E2AC2752300E55367 /* Debug */,
				7675900F2AC2752300E55367 /* Release */,
			);
			defaultConfigurationIsVisible = 0;
			defaultConfigurationName = Release;
		};
		767590102AC2752300E55367 /* Build configuration list for PBXNativeTarget "Nangunoori_CalculatorAppTests" */ = {
			isa = XCConfigurationList;
			buildConfigurations = (
				767590112AC2752300E55367 /* Debug */,
				767590122AC2752300E55367 /* Release */,
			);
			defaultConfigurationIsVisible = 0;
			defaultConfigurationName = Release;
		};
		767590132AC2752300E55367 /* Build configuration list for PBXNativeTarget "Nangunoori_CalculatorAppUITests" */ = {
			isa = XCConfigurationList;
			buildConfigurations = (
				767590142AC2752300E55367 /* Debug */,
				767590152AC2752300E55367 /* Release */,
			);
			defaultConfigurationIsVisible = 0;
			defaultConfigurationName = Release;
		};
/* End XCConfigurationList section */
	};
	rootObject = 76758FDB2AC2752300E55367 /* Project object */;
}
