// !$*UTF8*$!
{
	archiveVersion = 1;
	classes = {
	};
	objectVersion = 56;
	objects = {

/* Begin PBXBuildFile section */
		7666E1B42AAC025D00750C00 /* AppDelegate.swift in Sources */ = {isa = PBXBuildFile; fileRef = 7666E1B32AAC025D00750C00 /* AppDelegate.swift */; };
		7666E1B62AAC025D00750C00 /* SceneDelegate.swift in Sources */ = {isa = PBXBuildFile; fileRef = 7666E1B52AAC025D00750C00 /* SceneDelegate.swift */; };
		7666E1B82AAC025D00750C00 /* ViewController.swift in Sources */ = {isa = PBXBuildFile; fileRef = 7666E1B72AAC025D00750C00 /* ViewController.swift */; };
		7666E1BB2AAC025D00750C00 /* Main.storyboard in Resources */ = {isa = PBXBuildFile; fileRef = 7666E1B92AAC025D00750C00 /* Main.storyboard */; };
		7666E1BD2AAC025D00750C00 /* Assets.xcassets in Resources */ = {isa = PBXBuildFile; fileRef = 7666E1BC2AAC025D00750C00 /* Assets.xcassets */; };
		7666E1C02AAC025D00750C00 /* LaunchScreen.storyboard in Resources */ = {isa = PBXBuildFile; fileRef = 7666E1BE2AAC025D00750C00 /* LaunchScreen.storyboard */; };
		7666E1CB2AAC025D00750C00 /* Nangunoori_Assignment02Tests.swift in Sources */ = {isa = PBXBuildFile; fileRef = 7666E1CA2AAC025D00750C00 /* Nangunoori_Assignment02Tests.swift */; };
		7666E1D52AAC025D00750C00 /* Nangunoori_Assignment02UITests.swift in Sources */ = {isa = PBXBuildFile; fileRef = 7666E1D42AAC025D00750C00 /* Nangunoori_Assignment02UITests.swift */; };
		7666E1D72AAC025D00750C00 /* Nangunoori_Assignment02UITestsLaunchTests.swift in Sources */ = {isa = PBXBuildFile; fileRef = 7666E1D62AAC025D00750C00 /* Nangunoori_Assignment02UITestsLaunchTests.swift */; };
/* End PBXBuildFile section */

/* Begin PBXContainerItemProxy section */
		7666E1C72AAC025D00750C00 /* PBXContainerItemProxy */ = {
			isa = PBXContainerItemProxy;
			containerPortal = 7666E1A82AAC025C00750C00 /* Project object */;
			proxyType = 1;
			remoteGlobalIDString = 7666E1AF2AAC025D00750C00;
			remoteInfo = Nangunoori_Assignment02;
		};
		7666E1D12AAC025D00750C00 /* PBXContainerItemProxy */ = {
			isa = PBXContainerItemProxy;
			containerPortal = 7666E1A82AAC025C00750C00 /* Project object */;
			proxyType = 1;
			remoteGlobalIDString = 7666E1AF2AAC025D00750C00;
			remoteInfo = Nangunoori_Assignment02;
		};
/* End PBXContainerItemProxy section */

/* Begin PBXFileReference section */
		7666E1B02AAC025D00750C00 /* Nangunoori_Assignment02.app */ = {isa = PBXFileReference; explicitFileType = wrapper.application; includeInIndex = 0; path = Nangunoori_Assignment02.app; sourceTree = BUILT_PRODUCTS_DIR; };
		7666E1B32AAC025D00750C00 /* AppDelegate.swift */ = {isa = PBXFileReference; lastKnownFileType = sourcecode.swift; path = AppDelegate.swift; sourceTree = "<group>"; };
		7666E1B52AAC025D00750C00 /* SceneDelegate.swift */ = {isa = PBXFileReference; lastKnownFileType = sourcecode.swift; path = SceneDelegate.swift; sourceTree = "<group>"; };
		7666E1B72AAC025D00750C00 /* ViewController.swift */ = {isa = PBXFileReference; lastKnownFileType = sourcecode.swift; path = ViewController.swift; sourceTree = "<group>"; };
		7666E1BA2AAC025D00750C00 /* Base */ = {isa = PBXFileReference; lastKnownFileType = file.storyboard; name = Base; path = Base.lproj/Main.storyboard; sourceTree = "<group>"; };
		7666E1BC2AAC025D00750C00 /* Assets.xcassets */ = {isa = PBXFileReference; lastKnownFileType = folder.assetcatalog; path = Assets.xcassets; sourceTree = "<group>"; };
		7666E1BF2AAC025D00750C00 /* Base */ = {isa = PBXFileReference; lastKnownFileType = file.storyboard; name = Base; path = Base.lproj/LaunchScreen.storyboard; sourceTree = "<group>"; };
		7666E1C12AAC025D00750C00 /* Info.plist */ = {isa = PBXFileReference; lastKnownFileType = text.plist.xml; path = Info.plist; sourceTree = "<group>"; };
		7666E1C62AAC025D00750C00 /* Nangunoori_Assignment02Tests.xctest */ = {isa = PBXFileReference; explicitFileType = wrapper.cfbundle; includeInIndex = 0; path = Nangunoori_Assignment02Tests.xctest; sourceTree = BUILT_PRODUCTS_DIR; };
		7666E1CA2AAC025D00750C00 /* Nangunoori_Assignment02Tests.swift */ = {isa = PBXFileReference; lastKnownFileType = sourcecode.swift; path = Nangunoori_Assignment02Tests.swift; sourceTree = "<group>"; };
		7666E1D02AAC025D00750C00 /* Nangunoori_Assignment02UITests.xctest */ = {isa = PBXFileReference; explicitFileType = wrapper.cfbundle; includeInIndex = 0; path = Nangunoori_Assignment02UITests.xctest; sourceTree = BUILT_PRODUCTS_DIR; };
		7666E1D42AAC025D00750C00 /* Nangunoori_Assignment02UITests.swift */ = {isa = PBXFileReference; lastKnownFileType = sourcecode.swift; path = Nangunoori_Assignment02UITests.swift; sourceTree = "<group>"; };
		7666E1D62AAC025D00750C00 /* Nangunoori_Assignment02UITestsLaunchTests.swift */ = {isa = PBXFileReference; lastKnownFileType = sourcecode.swift; path = Nangunoori_Assignment02UITestsLaunchTests.swift; sourceTree = "<group>"; };
/* End PBXFileReference section */

/* Begin PBXFrameworksBuildPhase section */
		7666E1AD2AAC025D00750C00 /* Frameworks */ = {
			isa = PBXFrameworksBuildPhase;
			buildActionMask = 2147483647;
			files = (
			);
			runOnlyForDeploymentPostprocessing = 0;
		};
		7666E1C32AAC025D00750C00 /* Frameworks */ = {
			isa = PBXFrameworksBuildPhase;
			buildActionMask = 2147483647;
			files = (
			);
			runOnlyForDeploymentPostprocessing = 0;
		};
		7666E1CD2AAC025D00750C00 /* Frameworks */ = {
			isa = PBXFrameworksBuildPhase;
			buildActionMask = 2147483647;
			files = (
			);
			runOnlyForDeploymentPostprocessing = 0;
		};
/* End PBXFrameworksBuildPhase section */

/* Begin PBXGroup section */
		7666E1A72AAC025C00750C00 = {
			isa = PBXGroup;
			children = (
				7666E1B22AAC025D00750C00 /* Nangunoori_Assignment02 */,
				7666E1C92AAC025D00750C00 /* Nangunoori_Assignment02Tests */,
				7666E1D32AAC025D00750C00 /* Nangunoori_Assignment02UITests */,
				7666E1B12AAC025D00750C00 /* Products */,
			);
			sourceTree = "<group>";
		};
		7666E1B12AAC025D00750C00 /* Products */ = {
			isa = PBXGroup;
			children = (
				7666E1B02AAC025D00750C00 /* Nangunoori_Assignment02.app */,
				7666E1C62AAC025D00750C00 /* Nangunoori_Assignment02Tests.xctest */,
				7666E1D02AAC025D00750C00 /* Nangunoori_Assignment02UITests.xctest */,
			);
			name = Products;
			sourceTree = "<group>";
		};
		7666E1B22AAC025D00750C00 /* Nangunoori_Assignment02 */ = {
			isa = PBXGroup;
			children = (
				7666E1B32AAC025D00750C00 /* AppDelegate.swift */,
				7666E1B52AAC025D00750C00 /* SceneDelegate.swift */,
				7666E1B72AAC025D00750C00 /* ViewController.swift */,
				7666E1B92AAC025D00750C00 /* Main.storyboard */,
				7666E1BC2AAC025D00750C00 /* Assets.xcassets */,
				7666E1BE2AAC025D00750C00 /* LaunchScreen.storyboard */,
				7666E1C12AAC025D00750C00 /* Info.plist */,
			);
			path = Nangunoori_Assignment02;
			sourceTree = "<group>";
		};
		7666E1C92AAC025D00750C00 /* Nangunoori_Assignment02Tests */ = {
			isa = PBXGroup;
			children = (
				7666E1CA2AAC025D00750C00 /* Nangunoori_Assignment02Tests.swift */,
			);
			path = Nangunoori_Assignment02Tests;
			sourceTree = "<group>";
		};
		7666E1D32AAC025D00750C00 /* Nangunoori_Assignment02UITests */ = {
			isa = PBXGroup;
			children = (
				7666E1D42AAC025D00750C00 /* Nangunoori_Assignment02UITests.swift */,
				7666E1D62AAC025D00750C00 /* Nangunoori_Assignment02UITestsLaunchTests.swift */,
			);
			path = Nangunoori_Assignment02UITests;
			sourceTree = "<group>";
		};
/* End PBXGroup section */

/* Begin PBXNativeTarget section */
		7666E1AF2AAC025D00750C00 /* Nangunoori_Assignment02 */ = {
			isa = PBXNativeTarget;
			buildConfigurationList = 7666E1DA2AAC025D00750C00 /* Build configuration list for PBXNativeTarget "Nangunoori_Assignment02" */;
			buildPhases = (
				7666E1AC2AAC025D00750C00 /* Sources */,
				7666E1AD2AAC025D00750C00 /* Frameworks */,
				7666E1AE2AAC025D00750C00 /* Resources */,
			);
			buildRules = (
			);
			dependencies = (
			);
			name = Nangunoori_Assignment02;
			productName = Nangunoori_Assignment02;
			productReference = 7666E1B02AAC025D00750C00 /* Nangunoori_Assignment02.app */;
			productType = "com.apple.product-type.application";
		};
		7666E1C52AAC025D00750C00 /* Nangunoori_Assignment02Tests */ = {
			isa = PBXNativeTarget;
			buildConfigurationList = 7666E1DD2AAC025D00750C00 /* Build configuration list for PBXNativeTarget "Nangunoori_Assignment02Tests" */;
			buildPhases = (
				7666E1C22AAC025D00750C00 /* Sources */,
				7666E1C32AAC025D00750C00 /* Frameworks */,
				7666E1C42AAC025D00750C00 /* Resources */,
			);
			buildRules = (
			);
			dependencies = (
				7666E1C82AAC025D00750C00 /* PBXTargetDependency */,
			);
			name = Nangunoori_Assignment02Tests;
			productName = Nangunoori_Assignment02Tests;
			productReference = 7666E1C62AAC025D00750C00 /* Nangunoori_Assignment02Tests.xctest */;
			productType = "com.apple.product-type.bundle.unit-test";
		};
		7666E1CF2AAC025D00750C00 /* Nangunoori_Assignment02UITests */ = {
			isa = PBXNativeTarget;
			buildConfigurationList = 7666E1E02AAC025D00750C00 /* Build configuration list for PBXNativeTarget "Nangunoori_Assignment02UITests" */;
			buildPhases = (
				7666E1CC2AAC025D00750C00 /* Sources */,
				7666E1CD2AAC025D00750C00 /* Frameworks */,
				7666E1CE2AAC025D00750C00 /* Resources */,
			);
			buildRules = (
			);
			dependencies = (
				7666E1D22AAC025D00750C00 /* PBXTargetDependency */,
			);
			name = Nangunoori_Assignment02UITests;
			productName = Nangunoori_Assignment02UITests;
			productReference = 7666E1D02AAC025D00750C00 /* Nangunoori_Assignment02UITests.xctest */;
			productType = "com.apple.product-type.bundle.ui-testing";
		};
/* End PBXNativeTarget section */

/* Begin PBXProject section */
		7666E1A82AAC025C00750C00 /* Project object */ = {
			isa = PBXProject;
			attributes = {
				BuildIndependentTargetsInParallel = 1;
				LastSwiftUpdateCheck = 1430;
				LastUpgradeCheck = 1430;
				TargetAttributes = {
					7666E1AF2AAC025D00750C00 = {
						CreatedOnToolsVersion = 14.3.1;
					};
					7666E1C52AAC025D00750C00 = {
						CreatedOnToolsVersion = 14.3.1;
						TestTargetID = 7666E1AF2AAC025D00750C00;
					};
					7666E1CF2AAC025D00750C00 = {
						CreatedOnToolsVersion = 14.3.1;
						TestTargetID = 7666E1AF2AAC025D00750C00;
					};
				};
			};
			buildConfigurationList = 7666E1AB2AAC025C00750C00 /* Build configuration list for PBXProject "Nangunoori_Assignment02" */;
			compatibilityVersion = "Xcode 14.0";
			developmentRegion = en;
			hasScannedForEncodings = 0;
			knownRegions = (
				en,
				Base,
			);
			mainGroup = 7666E1A72AAC025C00750C00;
			productRefGroup = 7666E1B12AAC025D00750C00 /* Products */;
			projectDirPath = "";
			projectRoot = "";
			targets = (
				7666E1AF2AAC025D00750C00 /* Nangunoori_Assignment02 */,
				7666E1C52AAC025D00750C00 /* Nangunoori_Assignment02Tests */,
				7666E1CF2AAC025D00750C00 /* Nangunoori_Assignment02UITests */,
			);
		};
/* End PBXProject section */

/* Begin PBXResourcesBuildPhase section */
		7666E1AE2AAC025D00750C00 /* Resources */ = {
			isa = PBXResourcesBuildPhase;
			buildActionMask = 2147483647;
			files = (
				7666E1C02AAC025D00750C00 /* LaunchScreen.storyboard in Resources */,
				7666E1BD2AAC025D00750C00 /* Assets.xcassets in Resources */,
				7666E1BB2AAC025D00750C00 /* Main.storyboard in Resources */,
			);
			runOnlyForDeploymentPostprocessing = 0;
		};
		7666E1C42AAC025D00750C00 /* Resources */ = {
			isa = PBXResourcesBuildPhase;
			buildActionMask = 2147483647;
			files = (
			);
			runOnlyForDeploymentPostprocessing = 0;
		};
		7666E1CE2AAC025D00750C00 /* Resources */ = {
			isa = PBXResourcesBuildPhase;
			buildActionMask = 2147483647;
			files = (
			);
			runOnlyForDeploymentPostprocessing = 0;
		};
/* End PBXResourcesBuildPhase section */

/* Begin PBXSourcesBuildPhase section */
		7666E1AC2AAC025D00750C00 /* Sources */ = {
			isa = PBXSourcesBuildPhase;
			buildActionMask = 2147483647;
			files = (
				7666E1B82AAC025D00750C00 /* ViewController.swift in Sources */,
				7666E1B42AAC025D00750C00 /* AppDelegate.swift in Sources */,
				7666E1B62AAC025D00750C00 /* SceneDelegate.swift in Sources */,
			);
			runOnlyForDeploymentPostprocessing = 0;
		};
		7666E1C22AAC025D00750C00 /* Sources */ = {
			isa = PBXSourcesBuildPhase;
			buildActionMask = 2147483647;
			files = (
				7666E1CB2AAC025D00750C00 /* Nangunoori_Assignment02Tests.swift in Sources */,
			);
			runOnlyForDeploymentPostprocessing = 0;
		};
		7666E1CC2AAC025D00750C00 /* Sources */ = {
			isa = PBXSourcesBuildPhase;
			buildActionMask = 2147483647;
			files = (
				7666E1D52AAC025D00750C00 /* Nangunoori_Assignment02UITests.swift in Sources */,
				7666E1D72AAC025D00750C00 /* Nangunoori_Assignment02UITestsLaunchTests.swift in Sources */,
			);
			runOnlyForDeploymentPostprocessing = 0;
		};
/* End PBXSourcesBuildPhase section */

/* Begin PBXTargetDependency section */
		7666E1C82AAC025D00750C00 /* PBXTargetDependency */ = {
			isa = PBXTargetDependency;
			target = 7666E1AF2AAC025D00750C00 /* Nangunoori_Assignment02 */;
			targetProxy = 7666E1C72AAC025D00750C00 /* PBXContainerItemProxy */;
		};
		7666E1D22AAC025D00750C00 /* PBXTargetDependency */ = {
			isa = PBXTargetDependency;
			target = 7666E1AF2AAC025D00750C00 /* Nangunoori_Assignment02 */;
			targetProxy = 7666E1D12AAC025D00750C00 /* PBXContainerItemProxy */;
		};
/* End PBXTargetDependency section */

/* Begin PBXVariantGroup section */
		7666E1B92AAC025D00750C00 /* Main.storyboard */ = {
			isa = PBXVariantGroup;
			children = (
				7666E1BA2AAC025D00750C00 /* Base */,
			);
			name = Main.storyboard;
			sourceTree = "<group>";
		};
		7666E1BE2AAC025D00750C00 /* LaunchScreen.storyboard */ = {
			isa = PBXVariantGroup;
			children = (
				7666E1BF2AAC025D00750C00 /* Base */,
			);
			name = LaunchScreen.storyboard;
			sourceTree = "<group>";
		};
/* End PBXVariantGroup section */

/* Begin XCBuildConfiguration section */
		7666E1D82AAC025D00750C00 /* Debug */ = {
			isa = XCBuildConfiguration;
			buildSettings = {
				ALWAYS_SEARCH_USER_PATHS = NO;
				CLANG_ANALYZER_NONNULL = YES;
				CLANG_ANALYZER_NUMBER_OBJECT_CONVERSION = YES_AGGRESSIVE;
				CLANG_CXX_LANGUAGE_STANDARD = "gnu++20";
				CLANG_ENABLE_MODULES = YES;
				CLANG_ENABLE_OBJC_ARC = YES;
				CLANG_ENABLE_OBJC_WEAK = YES;
				CLANG_WARN_BLOCK_CAPTURE_AUTORELEASING = YES;
				CLANG_WARN_BOOL_CONVERSION = YES;
				CLANG_WARN_COMMA = YES;
				CLANG_WARN_CONSTANT_CONVERSION = YES;
				CLANG_WARN_DEPRECATED_OBJC_IMPLEMENTATIONS = YES;
				CLANG_WARN_DIRECT_OBJC_ISA_USAGE = YES_ERROR;
				CLANG_WARN_DOCUMENTATION_COMMENTS = YES;
				CLANG_WARN_EMPTY_BODY = YES;
				CLANG_WARN_ENUM_CONVERSION = YES;
				CLANG_WARN_INFINITE_RECURSION = YES;
				CLANG_WARN_INT_CONVERSION = YES;
				CLANG_WARN_NON_LITERAL_NULL_CONVERSION = YES;
				CLANG_WARN_OBJC_IMPLICIT_RETAIN_SELF = YES;
				CLANG_WARN_OBJC_LITERAL_CONVERSION = YES;
				CLANG_WARN_OBJC_ROOT_CLASS = YES_ERROR;
				CLANG_WARN_QUOTED_INCLUDE_IN_FRAMEWORK_HEADER = YES;
				CLANG_WARN_RANGE_LOOP_ANALYSIS = YES;
				CLANG_WARN_STRICT_PROTOTYPES = YES;
				CLANG_WARN_SUSPICIOUS_MOVE = YES;
				CLANG_WARN_UNGUARDED_AVAILABILITY = YES_AGGRESSIVE;
				CLANG_WARN_UNREACHABLE_CODE = YES;
				CLANG_WARN__DUPLICATE_METHOD_MATCH = YES;
				COPY_PHASE_STRIP = NO;
				DEBUG_INFORMATION_FORMAT = dwarf;
				ENABLE_STRICT_OBJC_MSGSEND = YES;
				ENABLE_TESTABILITY = YES;
				GCC_C_LANGUAGE_STANDARD = gnu11;
				GCC_DYNAMIC_NO_PIC = NO;
				GCC_NO_COMMON_BLOCKS = YES;
				GCC_OPTIMIZATION_LEVEL = 0;
				GCC_PREPROCESSOR_DEFINITIONS = (
					"DEBUG=1",
					"$(inherited)",
				);
				GCC_WARN_64_TO_32_BIT_CONVERSION = YES;
				GCC_WARN_ABOUT_RETURN_TYPE = YES_ERROR;
				GCC_WARN_UNDECLARED_SELECTOR = YES;
				GCC_WARN_UNINITIALIZED_AUTOS = YES_AGGRESSIVE;
				GCC_WARN_UNUSED_FUNCTION = YES;
				GCC_WARN_UNUSED_VARIABLE = YES;
				IPHONEOS_DEPLOYMENT_TARGET = 16.4;
				MTL_ENABLE_DEBUG_INFO = INCLUDE_SOURCE;
				MTL_FAST_MATH = YES;
				ONLY_ACTIVE_ARCH = YES;
				SDKROOT = iphoneos;
				SWIFT_ACTIVE_COMPILATION_CONDITIONS = DEBUG;
				SWIFT_OPTIMIZATION_LEVEL = "-Onone";
			};
			name = Debug;
		};
		7666E1D92AAC025D00750C00 /* Release */ = {
			isa = XCBuildConfiguration;
			buildSettings = {
				ALWAYS_SEARCH_USER_PATHS = NO;
				CLANG_ANALYZER_NONNULL = YES;
				CLANG_ANALYZER_NUMBER_OBJECT_CONVERSION = YES_AGGRESSIVE;
				CLANG_CXX_LANGUAGE_STANDARD = "gnu++20";
				CLANG_ENABLE_MODULES = YES;
				CLANG_ENABLE_OBJC_ARC = YES;
				CLANG_ENABLE_OBJC_WEAK = YES;
				CLANG_WARN_BLOCK_CAPTURE_AUTORELEASING = YES;
				CLANG_WARN_BOOL_CONVERSION = YES;
				CLANG_WARN_COMMA = YES;
				CLANG_WARN_CONSTANT_CONVERSION = YES;
				CLANG_WARN_DEPRECATED_OBJC_IMPLEMENTATIONS = YES;
				CLANG_WARN_DIRECT_OBJC_ISA_USAGE = YES_ERROR;
				CLANG_WARN_DOCUMENTATION_COMMENTS = YES;
				CLANG_WARN_EMPTY_BODY = YES;
				CLANG_WARN_ENUM_CONVERSION = YES;
				CLANG_WARN_INFINITE_RECURSION = YES;
				CLANG_WARN_INT_CONVERSION = YES;
				CLANG_WARN_NON_LITERAL_NULL_CONVERSION = YES;
				CLANG_WARN_OBJC_IMPLICIT_RETAIN_SELF = YES;
				CLANG_WARN_OBJC_LITERAL_CONVERSION = YES;
				CLANG_WARN_OBJC_ROOT_CLASS = YES_ERROR;
				CLANG_WARN_QUOTED_INCLUDE_IN_FRAMEWORK_HEADER = YES;
				CLANG_WARN_RANGE_LOOP_ANALYSIS = YES;
				CLANG_WARN_STRICT_PROTOTYPES = YES;
				CLANG_WARN_SUSPICIOUS_MOVE = YES;
				CLANG_WARN_UNGUARDED_AVAILABILITY = YES_AGGRESSIVE;
				CLANG_WARN_UNREACHABLE_CODE = YES;
				CLANG_WARN__DUPLICATE_METHOD_MATCH = YES;
				COPY_PHASE_STRIP = NO;
				DEBUG_INFORMATION_FORMAT = "dwarf-with-dsym";
				ENABLE_NS_ASSERTIONS = NO;
				ENABLE_STRICT_OBJC_MSGSEND = YES;
				GCC_C_LANGUAGE_STANDARD = gnu11;
				GCC_NO_COMMON_BLOCKS = YES;
				GCC_WARN_64_TO_32_BIT_CONVERSION = YES;
				GCC_WARN_ABOUT_RETURN_TYPE = YES_ERROR;
				GCC_WARN_UNDECLARED_SELECTOR = YES;
				GCC_WARN_UNINITIALIZED_AUTOS = YES_AGGRESSIVE;
				GCC_WARN_UNUSED_FUNCTION = YES;
				GCC_WARN_UNUSED_VARIABLE = YES;
				IPHONEOS_DEPLOYMENT_TARGET = 16.4;
				MTL_ENABLE_DEBUG_INFO = NO;
				MTL_FAST_MATH = YES;
				SDKROOT = iphoneos;
				SWIFT_COMPILATION_MODE = wholemodule;
				SWIFT_OPTIMIZATION_LEVEL = "-O";
				VALIDATE_PRODUCT = YES;
			};
			name = Release;
		};
		7666E1DB2AAC025D00750C00 /* Debug */ = {
			isa = XCBuildConfiguration;
			buildSettings = {
				ASSETCATALOG_COMPILER_APPICON_NAME = AppIcon;
				ASSETCATALOG_COMPILER_GLOBAL_ACCENT_COLOR_NAME = AccentColor;
				CODE_SIGN_STYLE = Automatic;
				CURRENT_PROJECT_VERSION = 1;
				GENERATE_INFOPLIST_FILE = YES;
				INFOPLIST_FILE = Nangunoori_Assignment02/Info.plist;
				INFOPLIST_KEY_UIApplicationSupportsIndirectInputEvents = YES;
				INFOPLIST_KEY_UILaunchStoryboardName = LaunchScreen;
				INFOPLIST_KEY_UIMainStoryboardFile = Main;
				INFOPLIST_KEY_UISupportedInterfaceOrientations_iPad = "UIInterfaceOrientationPortrait UIInterfaceOrientationPortraitUpsideDown UIInterfaceOrientationLandscapeLeft UIInterfaceOrientationLandscapeRight";
				INFOPLIST_KEY_UISupportedInterfaceOrientations_iPhone = "UIInterfaceOrientationPortrait UIInterfaceOrientationLandscapeLeft UIInterfaceOrientationLandscapeRight";
				IPHONEOS_DEPLOYMENT_TARGET = 15.0;
				LD_RUNPATH_SEARCH_PATHS = (
					"$(inherited)",
					"@executable_path/Frameworks",
				);
				MARKETING_VERSION = 1.0;
				PRODUCT_BUNDLE_IDENTIFIER = "nwmsu.Nangunoori-Assignment02";
				PRODUCT_NAME = "$(TARGET_NAME)";
				SWIFT_EMIT_LOC_STRINGS = YES;
				SWIFT_VERSION = 5.0;
				TARGETED_DEVICE_FAMILY = "1,2";
			};
			name = Debug;
		};
		7666E1DC2AAC025D00750C00 /* Release */ = {
			isa = XCBuildConfiguration;
			buildSettings = {
				ASSETCATALOG_COMPILER_APPICON_NAME = AppIcon;
				ASSETCATALOG_COMPILER_GLOBAL_ACCENT_COLOR_NAME = AccentColor;
				CODE_SIGN_STYLE = Automatic;
				CURRENT_PROJECT_VERSION = 1;
				GENERATE_INFOPLIST_FILE = YES;
				INFOPLIST_FILE = Nangunoori_Assignment02/Info.plist;
				INFOPLIST_KEY_UIApplicationSupportsIndirectInputEvents = YES;
				INFOPLIST_KEY_UILaunchStoryboardName = LaunchScreen;
				INFOPLIST_KEY_UIMainStoryboardFile = Main;
				INFOPLIST_KEY_UISupportedInterfaceOrientations_iPad = "UIInterfaceOrientationPortrait UIInterfaceOrientationPortraitUpsideDown UIInterfaceOrientationLandscapeLeft UIInterfaceOrientationLandscapeRight";
				INFOPLIST_KEY_UISupportedInterfaceOrientations_iPhone = "UIInterfaceOrientationPortrait UIInterfaceOrientationLandscapeLeft UIInterfaceOrientationLandscapeRight";
				IPHONEOS_DEPLOYMENT_TARGET = 15.0;
				LD_RUNPATH_SEARCH_PATHS = (
					"$(inherited)",
					"@executable_path/Frameworks",
				);
				MARKETING_VERSION = 1.0;
				PRODUCT_BUNDLE_IDENTIFIER = "nwmsu.Nangunoori-Assignment02";
				PRODUCT_NAME = "$(TARGET_NAME)";
				SWIFT_EMIT_LOC_STRINGS = YES;
				SWIFT_VERSION = 5.0;
				TARGETED_DEVICE_FAMILY = "1,2";
			};
			name = Release;
		};
		7666E1DE2AAC025D00750C00 /* Debug */ = {
			isa = XCBuildConfiguration;
			buildSettings = {
				ALWAYS_EMBED_SWIFT_STANDARD_LIBRARIES = YES;
				BUNDLE_LOADER = "$(TEST_HOST)";
				CODE_SIGN_STYLE = Automatic;
				CURRENT_PROJECT_VERSION = 1;
				GENERATE_INFOPLIST_FILE = YES;
				IPHONEOS_DEPLOYMENT_TARGET = 16.4;
				MARKETING_VERSION = 1.0;
				PRODUCT_BUNDLE_IDENTIFIER = "nwmsu.Nangunoori-Assignment02Tests";
				PRODUCT_NAME = "$(TARGET_NAME)";
				SWIFT_EMIT_LOC_STRINGS = NO;
				SWIFT_VERSION = 5.0;
				TARGETED_DEVICE_FAMILY = "1,2";
				TEST_HOST = "$(BUILT_PRODUCTS_DIR)/Nangunoori_Assignment02.app/$(BUNDLE_EXECUTABLE_FOLDER_PATH)/Nangunoori_Assignment02";
			};
			name = Debug;
		};
		7666E1DF2AAC025D00750C00 /* Release */ = {
			isa = XCBuildConfiguration;
			buildSettings = {
				ALWAYS_EMBED_SWIFT_STANDARD_LIBRARIES = YES;
				BUNDLE_LOADER = "$(TEST_HOST)";
				CODE_SIGN_STYLE = Automatic;
				CURRENT_PROJECT_VERSION = 1;
				GENERATE_INFOPLIST_FILE = YES;
				IPHONEOS_DEPLOYMENT_TARGET = 16.4;
				MARKETING_VERSION = 1.0;
				PRODUCT_BUNDLE_IDENTIFIER = "nwmsu.Nangunoori-Assignment02Tests";
				PRODUCT_NAME = "$(TARGET_NAME)";
				SWIFT_EMIT_LOC_STRINGS = NO;
				SWIFT_VERSION = 5.0;
				TARGETED_DEVICE_FAMILY = "1,2";
				TEST_HOST = "$(BUILT_PRODUCTS_DIR)/Nangunoori_Assignment02.app/$(BUNDLE_EXECUTABLE_FOLDER_PATH)/Nangunoori_Assignment02";
			};
			name = Release;
		};
		7666E1E12AAC025D00750C00 /* Debug */ = {
			isa = XCBuildConfiguration;
			buildSettings = {
				ALWAYS_EMBED_SWIFT_STANDARD_LIBRARIES = YES;
				CODE_SIGN_STYLE = Automatic;
				CURRENT_PROJECT_VERSION = 1;
				GENERATE_INFOPLIST_FILE = YES;
				MARKETING_VERSION = 1.0;
				PRODUCT_BUNDLE_IDENTIFIER = "nwmsu.Nangunoori-Assignment02UITests";
				PRODUCT_NAME = "$(TARGET_NAME)";
				SWIFT_EMIT_LOC_STRINGS = NO;
				SWIFT_VERSION = 5.0;
				TARGETED_DEVICE_FAMILY = "1,2";
				TEST_TARGET_NAME = Nangunoori_Assignment02;
			};
			name = Debug;
		};
		7666E1E22AAC025D00750C00 /* Release */ = {
			isa = XCBuildConfiguration;
			buildSettings = {
				ALWAYS_EMBED_SWIFT_STANDARD_LIBRARIES = YES;
				CODE_SIGN_STYLE = Automatic;
				CURRENT_PROJECT_VERSION = 1;
				GENERATE_INFOPLIST_FILE = YES;
				MARKETING_VERSION = 1.0;
				PRODUCT_BUNDLE_IDENTIFIER = "nwmsu.Nangunoori-Assignment02UITests";
				PRODUCT_NAME = "$(TARGET_NAME)";
				SWIFT_EMIT_LOC_STRINGS = NO;
				SWIFT_VERSION = 5.0;
				TARGETED_DEVICE_FAMILY = "1,2";
				TEST_TARGET_NAME = Nangunoori_Assignment02;
			};
			name = Release;
		};
/* End XCBuildConfiguration section */

/* Begin XCConfigurationList section */
		7666E1AB2AAC025C00750C00 /* Build configuration list for PBXProject "Nangunoori_Assignment02" */ = {
			isa = XCConfigurationList;
			buildConfigurations = (
				7666E1D82AAC025D00750C00 /* Debug */,
				7666E1D92AAC025D00750C00 /* Release */,
			);
			defaultConfigurationIsVisible = 0;
			defaultConfigurationName = Release;
		};
		7666E1DA2AAC025D00750C00 /* Build configuration list for PBXNativeTarget "Nangunoori_Assignment02" */ = {
			isa = XCConfigurationList;
			buildConfigurations = (
				7666E1DB2AAC025D00750C00 /* Debug */,
				7666E1DC2AAC025D00750C00 /* Release */,
			);
			defaultConfigurationIsVisible = 0;
			defaultConfigurationName = Release;
		};
		7666E1DD2AAC025D00750C00 /* Build configuration list for PBXNativeTarget "Nangunoori_Assignment02Tests" */ = {
			isa = XCConfigurationList;
			buildConfigurations = (
				7666E1DE2AAC025D00750C00 /* Debug */,
				7666E1DF2AAC025D00750C00 /* Release */,
			);
			defaultConfigurationIsVisible = 0;
			defaultConfigurationName = Release;
		};
		7666E1E02AAC025D00750C00 /* Build configuration list for PBXNativeTarget "Nangunoori_Assignment02UITests" */ = {
			isa = XCConfigurationList;
			buildConfigurations = (
				7666E1E12AAC025D00750C00 /* Debug */,
				7666E1E22AAC025D00750C00 /* Release */,
			);
			defaultConfigurationIsVisible = 0;
			defaultConfigurationName = Release;
		};
/* End XCConfigurationList section */
	};
	rootObject = 7666E1A82AAC025C00750C00 /* Project object */;
}
